
Microsoft Visual Studio Solution File, Format Version 12.00
# Visual Studio Version 17
VisualStudioVersion = 17.4.33122.133
MinimumVisualStudioVersion = 10.0.40219.1
Project("{9A19103F-16F7-4668-BE54-9A1E7A4F7556}") = "Exercise.DataModels", "Exercise.DataModels\Exercise.DataModels.csproj", "{3849B6E3-EA0A-4187-94D4-F8A42DA3501F}"
EndProject
Project("{9A19103F-16F7-4668-BE54-9A1E7A4F7556}") = "Exercise.DataAccess", "Exercise.DataAccess\Exercise.DataAccess.csproj", "{B9D00F3E-4BA7-4C71-A74C-AED7B1A39A33}"
EndProject
Project("{9A19103F-16F7-4668-BE54-9A1E7A4F7556}") = "Exercise.Services", "Exercise.Services\Exercise.Services.csproj", "{3D78BF2F-C6C7-458F-B9CA-5590A632FCDD}"
EndProject
Project("{9A19103F-16F7-4668-BE54-9A1E7A4F7556}") = "Exercise.Exceptions", "Exercise.Exceptions\Exercise.Exceptions.csproj", "{BBA6DDF0-236E-4C08-9D46-704FD6E89D12}"
EndProject
Project("{9A19103F-16F7-4668-BE54-9A1E7A4F7556}") = "Exercise.Utilities", "Exercise.Utilities\Exercise.Utilities.csproj", "{DCEC71FC-F88D-49D2-97A9-0B02825F92BF}"
EndProject
Project("{9A19103F-16F7-4668-BE54-9A1E7A4F7556}") = "Exercise.API", "Exercise.API\Exercise.API.csproj", "{EB1E4AA8-F194-4E44-8618-369C0B8CE9B9}"
EndProject
Global
	GlobalSection(SolutionConfigurationPlatforms) = preSolution
		Debug|Any CPU = Debug|Any CPU
		Release|Any CPU = Release|Any CPU
	EndGlobalSection
	GlobalSection(ProjectConfigurationPlatforms) = postSolution
		{3849B6E3-EA0A-4187-94D4-F8A42DA3501F}.Debug|Any CPU.ActiveCfg = Debug|Any CPU
		{3849B6E3-EA0A-4187-94D4-F8A42DA3501F}.Debug|Any CPU.Build.0 = Debug|Any CPU
		{3849B6E3-EA0A-4187-94D4-F8A42DA3501F}.Release|Any CPU.ActiveCfg = Release|Any CPU
		{3849B6E3-EA0A-4187-94D4-F8A42DA3501F}.Release|Any CPU.Build.0 = Release|Any CPU
		{B9D00F3E-4BA7-4C71-A74C-AED7B1A39A33}.Debug|Any CPU.ActiveCfg = Debug|Any CPU
		{B9D00F3E-4BA7-4C71-A74C-AED7B1A39A33}.Debug|Any CPU.Build.0 = Debug|Any CPU
		{B9D00F3E-4BA7-4C71-A74C-AED7B1A39A33}.Release|Any CPU.ActiveCfg = Release|Any CPU
		{B9D00F3E-4BA7-4C71-A74C-AED7B1A39A33}.Release|Any CPU.Build.0 = Release|Any CPU
		{3D78BF2F-C6C7-458F-B9CA-5590A632FCDD}.Debug|Any CPU.ActiveCfg = Debug|Any CPU
		{3D78BF2F-C6C7-458F-B9CA-5590A632FCDD}.Debug|Any CPU.Build.0 = Debug|Any CPU
		{3D78BF2F-C6C7-458F-B9CA-5590A632FCDD}.Release|Any CPU.ActiveCfg = Release|Any CPU
		{3D78BF2F-C6C7-458F-B9CA-5590A632FCDD}.Release|Any CPU.Build.0 = Release|Any CPU
		{BBA6DDF0-236E-4C08-9D46-704FD6E89D12}.Debug|Any CPU.ActiveCfg = Debug|Any CPU
		{BBA6DDF0-236E-4C08-9D46-704FD6E89D12}.Debug|Any CPU.Build.0 = Debug|Any CPU
		{BBA6DDF0-236E-4C08-9D46-704FD6E89D12}.Release|Any CPU.ActiveCfg = Release|Any CPU
		{BBA6DDF0-236E-4C08-9D46-704FD6E89D12}.Release|Any CPU.Build.0 = Release|Any CPU
		{DCEC71FC-F88D-49D2-97A9-0B02825F92BF}.Debug|Any CPU.ActiveCfg = Debug|Any CPU
		{DCEC71FC-F88D-49D2-97A9-0B02825F92BF}.Debug|Any CPU.Build.0 = Debug|Any CPU
		{DCEC71FC-F88D-49D2-97A9-0B02825F92BF}.Release|Any CPU.ActiveCfg = Release|Any CPU
		{DCEC71FC-F88D-49D2-97A9-0B02825F92BF}.Release|Any CPU.Build.0 = Release|Any CPU
		{EB1E4AA8-F194-4E44-8618-369C0B8CE9B9}.Debug|Any CPU.ActiveCfg = Debug|Any CPU
		{EB1E4AA8-F194-4E44-8618-369C0B8CE9B9}.Debug|Any CPU.Build.0 = Debug|Any CPU
		{EB1E4AA8-F194-4E44-8618-369C0B8CE9B9}.Release|Any CPU.ActiveCfg = Release|Any CPU
		{EB1E4AA8-F194-4E44-8618-369C0B8CE9B9}.Release|Any CPU.Build.0 = Release|Any CPU
	EndGlobalSection
	GlobalSection(SolutionProperties) = preSolution
		HideSolutionNode = FALSE
	EndGlobalSection
	GlobalSection(ExtensibilityGlobals) = postSolution
		SolutionGuid = {F2593507-F539-4991-9B5F-D2BC500B18B5}
	EndGlobalSection
EndGlobal
